
Microsoft Visual Studio Solution File, Format Version 12.00
# Visual Studio Version 16
VisualStudioVersion = 16.0.32106.194
MinimumVisualStudioVersion = 10.0.40219.1
Project("{FAE04EC0-301F-11D3-BF4B-00C04F79EFBC}") = "MarketPrices", "MarketPrices.csproj", "{4C3C09EB-45C5-4444-9A6E-84A5C7AA694C}"
EndProject
Global
	GlobalSection(SolutionConfigurationPlatforms) = preSolution
		Debug|Any CPU = Debug|Any CPU
		Release|Any CPU = Release|Any CPU
	EndGlobalSection
	GlobalSection(ProjectConfigurationPlatforms) = postSolution
		{4C3C09EB-45C5-4444-9A6E-84A5C7AA694C}.Debug|Any CPU.ActiveCfg = Debug|Any CPU
		{4C3C09EB-45C5-4444-9A6E-84A5C7AA694C}.Debug|Any CPU.Build.0 = Debug|Any CPU
		{4C3C09EB-45C5-4444-9A6E-84A5C7AA694C}.Release|Any CPU.ActiveCfg = Release|Any CPU
		{4C3C09EB-45C5-4444-9A6E-84A5C7AA694C}.Release|Any CPU.Build.0 = Release|Any CPU
	EndGlobalSection
	GlobalSection(SolutionProperties) = preSolution
		HideSolutionNode = FALSE
	EndGlobalSection
	GlobalSection(ExtensibilityGlobals) = postSolution
		SolutionGuid = {59B6F2AF-4F0C-4682-A043-A81302F357A2}
	EndGlobalSection
EndGlobal
